// !$*UTF8*$!
{
	archiveVersion = 1;
	classes = {
	};
	objectVersion = 46;
	objects = {

/* Begin PBXBuildFile section */
		342F2DDB044E73F5963A99B0 /* Pods_Realm_example.framework in Frameworks */ = {isa = PBXBuildFile; fileRef = 69762A0E27C3F5C117F64359 /* Pods_Realm_example.framework */; };
		A280B2A91E48FACE000B32A0 /* AppDelegate.swift in Sources */ = {isa = PBXBuildFile; fileRef = A280B2A81E48FACE000B32A0 /* AppDelegate.swift */; };
		A280B2AE1E48FACE000B32A0 /* Main.storyboard in Resources */ = {isa = PBXBuildFile; fileRef = A280B2AC1E48FACE000B32A0 /* Main.storyboard */; };
		A280B2B01E48FACE000B32A0 /* Assets.xcassets in Resources */ = {isa = PBXBuildFile; fileRef = A280B2AF1E48FACE000B32A0 /* Assets.xcassets */; };
		A280B2B31E48FACE000B32A0 /* LaunchScreen.storyboard in Resources */ = {isa = PBXBuildFile; fileRef = A280B2B11E48FACE000B32A0 /* LaunchScreen.storyboard */; };
		A280B2BB1E48FFE8000B32A0 /* RecentViewController.swift in Sources */ = {isa = PBXBuildFile; fileRef = A280B2BA1E48FFE8000B32A0 /* RecentViewController.swift */; };
		A280B2BD1E490035000B32A0 /* RecentView.xib in Resources */ = {isa = PBXBuildFile; fileRef = A280B2BC1E490035000B32A0 /* RecentView.xib */; };
		A280B2BF1E490054000B32A0 /* RecentView.swift in Sources */ = {isa = PBXBuildFile; fileRef = A280B2BE1E490054000B32A0 /* RecentView.swift */; };
		A280B3141E5F20C5000B32A0 /* Extensions.swift in Sources */ = {isa = PBXBuildFile; fileRef = A280B3131E5F20C5000B32A0 /* Extensions.swift */; };
		A280B3161E5F23AD000B32A0 /* RecentCell.swift in Sources */ = {isa = PBXBuildFile; fileRef = A280B3151E5F23AD000B32A0 /* RecentCell.swift */; };
		A2844CFD1E646A79005AFB07 /* MessagesViewController.swift in Sources */ = {isa = PBXBuildFile; fileRef = A2844CFC1E646A79005AFB07 /* MessagesViewController.swift */; };
		A2A2F3641E64988E00D17142 /* Friend.swift in Sources */ = {isa = PBXBuildFile; fileRef = A2A2F3631E64988E00D17142 /* Friend.swift */; };
		A2A2F3661E64AA0900D17142 /* Message.swift in Sources */ = {isa = PBXBuildFile; fileRef = A2A2F3651E64AA0900D17142 /* Message.swift */; };
		A2A2F36A1E64B7F800D17142 /* DataStore.swift in Sources */ = {isa = PBXBuildFile; fileRef = A2A2F3691E64B7F800D17142 /* DataStore.swift */; };
		A2A2F36C1E65F99B00D17142 /* MessageCell.swift in Sources */ = {isa = PBXBuildFile; fileRef = A2A2F36B1E65F99B00D17142 /* MessageCell.swift */; };
/* End PBXBuildFile section */

/* Begin PBXFileReference section */
		2DE778396A0AD605C6A1DECE /* Pods-Realm-example.release.xcconfig */ = {isa = PBXFileReference; includeInIndex = 1; lastKnownFileType = text.xcconfig; name = "Pods-Realm-example.release.xcconfig"; path = "Pods/Target Support Files/Pods-Realm-example/Pods-Realm-example.release.xcconfig"; sourceTree = "<group>"; };
		69762A0E27C3F5C117F64359 /* Pods_Realm_example.framework */ = {isa = PBXFileReference; explicitFileType = wrapper.framework; includeInIndex = 0; path = Pods_Realm_example.framework; sourceTree = BUILT_PRODUCTS_DIR; };
		A280B2A51E48FACE000B32A0 /* Realm-example.app */ = {isa = PBXFileReference; explicitFileType = wrapper.application; includeInIndex = 0; path = "Realm-example.app"; sourceTree = BUILT_PRODUCTS_DIR; };
		A280B2A81E48FACE000B32A0 /* AppDelegate.swift */ = {isa = PBXFileReference; lastKnownFileType = sourcecode.swift; path = AppDelegate.swift; sourceTree = "<group>"; };
		A280B2AD1E48FACE000B32A0 /* Base */ = {isa = PBXFileReference; lastKnownFileType = file.storyboard; name = Base; path = Base.lproj/Main.storyboard; sourceTree = "<group>"; };
		A280B2AF1E48FACE000B32A0 /* Assets.xcassets */ = {isa = PBXFileReference; lastKnownFileType = folder.assetcatalog; path = Assets.xcassets; sourceTree = "<group>"; };
		A280B2B21E48FACE000B32A0 /* Base */ = {isa = PBXFileReference; lastKnownFileType = file.storyboard; name = Base; path = Base.lproj/LaunchScreen.storyboard; sourceTree = "<group>"; };
		A280B2B41E48FACE000B32A0 /* Info.plist */ = {isa = PBXFileReference; lastKnownFileType = text.plist.xml; path = Info.plist; sourceTree = "<group>"; };
		A280B2BA1E48FFE8000B32A0 /* RecentViewController.swift */ = {isa = PBXFileReference; fileEncoding = 4; lastKnownFileType = sourcecode.swift; path = RecentViewController.swift; sourceTree = "<group>"; };
		A280B2BC1E490035000B32A0 /* RecentView.xib */ = {isa = PBXFileReference; fileEncoding = 4; lastKnownFileType = file.xib; path = RecentView.xib; sourceTree = "<group>"; };
		A280B2BE1E490054000B32A0 /* RecentView.swift */ = {isa = PBXFileReference; fileEncoding = 4; lastKnownFileType = sourcecode.swift; path = RecentView.swift; sourceTree = "<group>"; };
		A280B3131E5F20C5000B32A0 /* Extensions.swift */ = {isa = PBXFileReference; fileEncoding = 4; lastKnownFileType = sourcecode.swift; path = Extensions.swift; sourceTree = "<group>"; };
		A280B3151E5F23AD000B32A0 /* RecentCell.swift */ = {isa = PBXFileReference; fileEncoding = 4; lastKnownFileType = sourcecode.swift; path = RecentCell.swift; sourceTree = "<group>"; };
		A2844CFC1E646A79005AFB07 /* MessagesViewController.swift */ = {isa = PBXFileReference; fileEncoding = 4; lastKnownFileType = sourcecode.swift; path = MessagesViewController.swift; sourceTree = "<group>"; };
		A2A2F3631E64988E00D17142 /* Friend.swift */ = {isa = PBXFileReference; fileEncoding = 4; lastKnownFileType = sourcecode.swift; path = Friend.swift; sourceTree = "<group>"; };
		A2A2F3651E64AA0900D17142 /* Message.swift */ = {isa = PBXFileReference; fileEncoding = 4; lastKnownFileType = sourcecode.swift; path = Message.swift; sourceTree = "<group>"; };
		A2A2F3691E64B7F800D17142 /* DataStore.swift */ = {isa = PBXFileReference; fileEncoding = 4; lastKnownFileType = sourcecode.swift; path = DataStore.swift; sourceTree = "<group>"; };
		A2A2F36B1E65F99B00D17142 /* MessageCell.swift */ = {isa = PBXFileReference; fileEncoding = 4; lastKnownFileType = sourcecode.swift; path = MessageCell.swift; sourceTree = "<group>"; };
		D2B862DFD2E0668B0E776537 /* Pods-Realm-example.debug.xcconfig */ = {isa = PBXFileReference; includeInIndex = 1; lastKnownFileType = text.xcconfig; name = "Pods-Realm-example.debug.xcconfig"; path = "Pods/Target Support Files/Pods-Realm-example/Pods-Realm-example.debug.xcconfig"; sourceTree = "<group>"; };
/* End PBXFileReference section */

/* Begin PBXFrameworksBuildPhase section */
		A280B2A21E48FACE000B32A0 /* Frameworks */ = {
			isa = PBXFrameworksBuildPhase;
			buildActionMask = 2147483647;
			files = (
				342F2DDB044E73F5963A99B0 /* Pods_Realm_example.framework in Frameworks */,
			);
			runOnlyForDeploymentPostprocessing = 0;
		};
/* End PBXFrameworksBuildPhase section */

/* Begin PBXGroup section */
		63AA5101D04724F84329FBDD /* Pods */ = {
			isa = PBXGroup;
			children = (
				D2B862DFD2E0668B0E776537 /* Pods-Realm-example.debug.xcconfig */,
				2DE778396A0AD605C6A1DECE /* Pods-Realm-example.release.xcconfig */,
			);
			name = Pods;
			sourceTree = "<group>";
		};
		A280B29C1E48FACE000B32A0 = {
			isa = PBXGroup;
			children = (
				A280B2A71E48FACE000B32A0 /* Realm-example */,
				A280B2A61E48FACE000B32A0 /* Products */,
				63AA5101D04724F84329FBDD /* Pods */,
				BDE0C2A93AD0C785E9589A15 /* Frameworks */,
			);
			sourceTree = "<group>";
		};
		A280B2A61E48FACE000B32A0 /* Products */ = {
			isa = PBXGroup;
			children = (
				A280B2A51E48FACE000B32A0 /* Realm-example.app */,
			);
			name = Products;
			sourceTree = "<group>";
		};
		A280B2A71E48FACE000B32A0 /* Realm-example */ = {
			isa = PBXGroup;
			children = (
				A280B2C01E4A0183000B32A0 /* View */,
				A2844CFE1E646CD9005AFB07 /* Controller */,
				A2A2F3681E64AA2400D17142 /* Supporting Files */,
				A2A2F3671E64AA1000D17142 /* Model */,
			);
			path = "Realm-example";
			sourceTree = "<group>";
		};
		A280B2C01E4A0183000B32A0 /* View */ = {
			isa = PBXGroup;
			children = (
				A280B2AC1E48FACE000B32A0 /* Main.storyboard */,
				A280B2B11E48FACE000B32A0 /* LaunchScreen.storyboard */,
				A280B2BC1E490035000B32A0 /* RecentView.xib */,
				A280B2BE1E490054000B32A0 /* RecentView.swift */,
				A280B3151E5F23AD000B32A0 /* RecentCell.swift */,
				A2A2F36B1E65F99B00D17142 /* MessageCell.swift */,
			);
			name = View;
			sourceTree = "<group>";
		};
		A2844CFE1E646CD9005AFB07 /* Controller */ = {
			isa = PBXGroup;
			children = (
				A280B2A81E48FACE000B32A0 /* AppDelegate.swift */,
				A280B2BA1E48FFE8000B32A0 /* RecentViewController.swift */,
				A2844CFC1E646A79005AFB07 /* MessagesViewController.swift */,
			);
			name = Controller;
			sourceTree = "<group>";
		};
		A2A2F3671E64AA1000D17142 /* Model */ = {
			isa = PBXGroup;
			children = (
				A2A2F3631E64988E00D17142 /* Friend.swift */,
				A2A2F3651E64AA0900D17142 /* Message.swift */,
				A2A2F3691E64B7F800D17142 /* DataStore.swift */,
			);
			name = Model;
			sourceTree = "<group>";
		};
		A2A2F3681E64AA2400D17142 /* Supporting Files */ = {
			isa = PBXGroup;
			children = (
				A280B3131E5F20C5000B32A0 /* Extensions.swift */,
				A280B2AF1E48FACE000B32A0 /* Assets.xcassets */,
				A280B2B41E48FACE000B32A0 /* Info.plist */,
			);
			name = "Supporting Files";
			sourceTree = "<group>";
		};
		BDE0C2A93AD0C785E9589A15 /* Frameworks */ = {
			isa = PBXGroup;
			children = (
				69762A0E27C3F5C117F64359 /* Pods_Realm_example.framework */,
			);
			name = Frameworks;
			sourceTree = "<group>";
		};
/* End PBXGroup section */

/* Begin PBXNativeTarget section */
		A280B2A41E48FACE000B32A0 /* Realm-example */ = {
			isa = PBXNativeTarget;
			buildConfigurationList = A280B2B71E48FACE000B32A0 /* Build configuration list for PBXNativeTarget "Realm-example" */;
			buildPhases = (
				72B52240B35972E9C756F4BF /* [CP] Check Pods Manifest.lock */,
				A280B2A11E48FACE000B32A0 /* Sources */,
				A280B2A21E48FACE000B32A0 /* Frameworks */,
				A280B2A31E48FACE000B32A0 /* Resources */,
				56F71B27BE2DE041CB6FBD26 /* [CP] Embed Pods Frameworks */,
				8EA32256527D869B938C5F01 /* [CP] Copy Pods Resources */,
			);
			buildRules = (
			);
			dependencies = (
			);
			name = "Realm-example";
			productName = "Realm-example";
			productReference = A280B2A51E48FACE000B32A0 /* Realm-example.app */;
			productType = "com.apple.product-type.application";
		};
/* End PBXNativeTarget section */

/* Begin PBXProject section */
		A280B29D1E48FACE000B32A0 /* Project object */ = {
			isa = PBXProject;
			attributes = {
				LastSwiftUpdateCheck = 0820;
				LastUpgradeCheck = 0820;
				ORGANIZATIONNAME = "Rama Milaneh";
				TargetAttributes = {
					A280B2A41E48FACE000B32A0 = {
						CreatedOnToolsVersion = 8.2.1;
						DevelopmentTeam = LQ8JCXM85J;
						ProvisioningStyle = Automatic;
					};
				};
			};
			buildConfigurationList = A280B2A01E48FACE000B32A0 /* Build configuration list for PBXProject "Realm-example" */;
			compatibilityVersion = "Xcode 3.2";
			developmentRegion = English;
			hasScannedForEncodings = 0;
			knownRegions = (
				en,
				Base,
			);
			mainGroup = A280B29C1E48FACE000B32A0;
			productRefGroup = A280B2A61E48FACE000B32A0 /* Products */;
			projectDirPath = "";
			projectRoot = "";
			targets = (
				A280B2A41E48FACE000B32A0 /* Realm-example */,
			);
		};
/* End PBXProject section */

/* Begin PBXResourcesBuildPhase section */
		A280B2A31E48FACE000B32A0 /* Resources */ = {
			isa = PBXResourcesBuildPhase;
			buildActionMask = 2147483647;
			files = (
				A280B2B31E48FACE000B32A0 /* LaunchScreen.storyboard in Resources */,
				A280B2B01E48FACE000B32A0 /* Assets.xcassets in Resources */,
				A280B2BD1E490035000B32A0 /* RecentView.xib in Resources */,
				A280B2AE1E48FACE000B32A0 /* Main.storyboard in Resources */,
			);
			runOnlyForDeploymentPostprocessing = 0;
		};
/* End PBXResourcesBuildPhase section */

/* Begin PBXShellScriptBuildPhase section */
		56F71B27BE2DE041CB6FBD26 /* [CP] Embed Pods Frameworks */ = {
			isa = PBXShellScriptBuildPhase;
			buildActionMask = 2147483647;
			files = (
			);
			inputPaths = (
			);
			name = "[CP] Embed Pods Frameworks";
			outputPaths = (
			);
			runOnlyForDeploymentPostprocessing = 0;
			shellPath = /bin/sh;
			shellScript = "\"${SRCROOT}/Pods/Target Support Files/Pods-Realm-example/Pods-Realm-example-frameworks.sh\"\n";
			showEnvVarsInLog = 0;
		};
		72B52240B35972E9C756F4BF /* [CP] Check Pods Manifest.lock */ = {
			isa = PBXShellScriptBuildPhase;
			buildActionMask = 2147483647;
			files = (
			);
			inputPaths = (
			);
			name = "[CP] Check Pods Manifest.lock";
			outputPaths = (
			);
			runOnlyForDeploymentPostprocessing = 0;
			shellPath = /bin/sh;
			shellScript = "diff \"${PODS_ROOT}/../Podfile.lock\" \"${PODS_ROOT}/Manifest.lock\" > /dev/null\nif [ $? != 0 ] ; then\n    # print error to STDERR\n    echo \"error: The sandbox is not in sync with the Podfile.lock. Run 'pod install' or update your CocoaPods installation.\" >&2\n    exit 1\nfi\n";
			showEnvVarsInLog = 0;
		};
		8EA32256527D869B938C5F01 /* [CP] Copy Pods Resources */ = {
			isa = PBXShellScriptBuildPhase;
			buildActionMask = 2147483647;
			files = (
			);
			inputPaths = (
			);
			name = "[CP] Copy Pods Resources";
			outputPaths = (
			);
			runOnlyForDeploymentPostprocessing = 0;
			shellPath = /bin/sh;
			shellScript = "\"${SRCROOT}/Pods/Target Support Files/Pods-Realm-example/Pods-Realm-example-resources.sh\"\n";
			showEnvVarsInLog = 0;
		};
/* End PBXShellScriptBuildPhase section */

/* Begin PBXSourcesBuildPhase section */
		A280B2A11E48FACE000B32A0 /* Sources */ = {
			isa = PBXSourcesBuildPhase;
			buildActionMask = 2147483647;
			files = (
				A2844CFD1E646A79005AFB07 /* MessagesViewController.swift in Sources */,
				A2A2F36C1E65F99B00D17142 /* MessageCell.swift in Sources */,
				A2A2F3641E64988E00D17142 /* Friend.swift in Sources */,
				A280B2BB1E48FFE8000B32A0 /* RecentViewController.swift in Sources */,
				A280B2BF1E490054000B32A0 /* RecentView.swift in Sources */,
				A280B2A91E48FACE000B32A0 /* AppDelegate.swift in Sources */,
				A2A2F3661E64AA0900D17142 /* Message.swift in Sources */,
				A280B3141E5F20C5000B32A0 /* Extensions.swift in Sources */,
				A2A2F36A1E64B7F800D17142 /* DataStore.swift in Sources */,
				A280B3161E5F23AD000B32A0 /* RecentCell.swift in Sources */,
			);
			runOnlyForDeploymentPostprocessing = 0;
		};
/* End PBXSourcesBuildPhase section */

/* Begin PBXVariantGroup section */
		A280B2AC1E48FACE000B32A0 /* Main.storyboard */ = {
			isa = PBXVariantGroup;
			children = (
				A280B2AD1E48FACE000B32A0 /* Base */,
			);
			name = Main.storyboard;
			sourceTree = "<group>";
		};
		A280B2B11E48FACE000B32A0 /* LaunchScreen.storyboard */ = {
			isa = PBXVariantGroup;
			children = (
				A280B2B21E48FACE000B32A0 /* Base */,
			);
			name = LaunchScreen.storyboard;
			sourceTree = "<group>";
		};
/* End PBXVariantGroup section */

/* Begin XCBuildConfiguration section */
		A280B2B51E48FACE000B32A0 /* Debug */ = {
			isa = XCBuildConfiguration;
			buildSettings = {
				ALWAYS_SEARCH_USER_PATHS = NO;
				CLANG_ANALYZER_NONNULL = YES;
				CLANG_CXX_LANGUAGE_STANDARD = "gnu++0x";
				CLANG_CXX_LIBRARY = "libc++";
				CLANG_ENABLE_MODULES = YES;
				CLANG_ENABLE_OBJC_ARC = YES;
				CLANG_WARN_BOOL_CONVERSION = YES;
				CLANG_WARN_CONSTANT_CONVERSION = YES;
				CLANG_WARN_DIRECT_OBJC_ISA_USAGE = YES_ERROR;
				CLANG_WARN_DOCUMENTATION_COMMENTS = YES;
				CLANG_WARN_EMPTY_BODY = YES;
				CLANG_WARN_ENUM_CONVERSION = YES;
				CLANG_WARN_INFINITE_RECURSION = YES;
				CLANG_WARN_INT_CONVERSION = YES;
				CLANG_WARN_OBJC_ROOT_CLASS = YES_ERROR;
				CLANG_WARN_SUSPICIOUS_MOVE = YES;
				CLANG_WARN_UNREACHABLE_CODE = YES;
				CLANG_WARN__DUPLICATE_METHOD_MATCH = YES;
				"CODE_SIGN_IDENTITY[sdk=iphoneos*]" = "iPhone Developer";
				COPY_PHASE_STRIP = NO;
				DEBUG_INFORMATION_FORMAT = dwarf;
				ENABLE_STRICT_OBJC_MSGSEND = YES;
				ENABLE_TESTABILITY = YES;
				GCC_C_LANGUAGE_STANDARD = gnu99;
				GCC_DYNAMIC_NO_PIC = NO;
				GCC_NO_COMMON_BLOCKS = YES;
				GCC_OPTIMIZATION_LEVEL = 0;
				GCC_PREPROCESSOR_DEFINITIONS = (
					"DEBUG=1",
					"$(inherited)",
				);
				GCC_WARN_64_TO_32_BIT_CONVERSION = YES;
				GCC_WARN_ABOUT_RETURN_TYPE = YES_ERROR;
				GCC_WARN_UNDECLARED_SELECTOR = YES;
				GCC_WARN_UNINITIALIZED_AUTOS = YES_AGGRESSIVE;
				GCC_WARN_UNUSED_FUNCTION = YES;
				GCC_WARN_UNUSED_VARIABLE = YES;
				IPHONEOS_DEPLOYMENT_TARGET = 10.2;
				MTL_ENABLE_DEBUG_INFO = YES;
				ONLY_ACTIVE_ARCH = YES;
				SDKROOT = iphoneos;
				SWIFT_ACTIVE_COMPILATION_CONDITIONS = DEBUG;
				SWIFT_OPTIMIZATION_LEVEL = "-Onone";
			};
			name = Debug;
		};
		A280B2B61E48FACE000B32A0 /* Release */ = {
			isa = XCBuildConfiguration;
			buildSettings = {
				ALWAYS_SEARCH_USER_PATHS = NO;
				CLANG_ANALYZER_NONNULL = YES;
				CLANG_CXX_LANGUAGE_STANDARD = "gnu++0x";
				CLANG_CXX_LIBRARY = "libc++";
				CLANG_ENABLE_MODULES = YES;
				CLANG_ENABLE_OBJC_ARC = YES;
				CLANG_WARN_BOOL_CONVERSION = YES;
				CLANG_WARN_CONSTANT_CONVERSION = YES;
				CLANG_WARN_DIRECT_OBJC_ISA_USAGE = YES_ERROR;
				CLANG_WARN_DOCUMENTATION_COMMENTS = YES;
				CLANG_WARN_EMPTY_BODY = YES;
				CLANG_WARN_ENUM_CONVERSION = YES;
				CLANG_WARN_INFINITE_RECURSION = YES;
				CLANG_WARN_INT_CONVERSION = YES;
				CLANG_WARN_OBJC_ROOT_CLASS = YES_ERROR;
				CLANG_WARN_SUSPICIOUS_MOVE = YES;
				CLANG_WARN_UNREACHABLE_CODE = YES;
				CLANG_WARN__DUPLICATE_METHOD_MATCH = YES;
				"CODE_SIGN_IDENTITY[sdk=iphoneos*]" = "iPhone Developer";
				COPY_PHASE_STRIP = NO;
				DEBUG_INFORMATION_FORMAT = "dwarf-with-dsym";
				ENABLE_NS_ASSERTIONS = NO;
				ENABLE_STRICT_OBJC_MSGSEND = YES;
				GCC_C_LANGUAGE_STANDARD = gnu99;
				GCC_NO_COMMON_BLOCKS = YES;
				GCC_WARN_64_TO_32_BIT_CONVERSION = YES;
				GCC_WARN_ABOUT_RETURN_TYPE = YES_ERROR;
				GCC_WARN_UNDECLARED_SELECTOR = YES;
				GCC_WARN_UNINITIALIZED_AUTOS = YES_AGGRESSIVE;
				GCC_WARN_UNUSED_FUNCTION = YES;
				GCC_WARN_UNUSED_VARIABLE = YES;
				IPHONEOS_DEPLOYMENT_TARGET = 10.2;
				MTL_ENABLE_DEBUG_INFO = NO;
				SDKROOT = iphoneos;
				SWIFT_OPTIMIZATION_LEVEL = "-Owholemodule";
				VALIDATE_PRODUCT = YES;
			};
			name = Release;
		};
		A280B2B81E48FACE000B32A0 /* Debug */ = {
			isa = XCBuildConfiguration;
			baseConfigurationReference = D2B862DFD2E0668B0E776537 /* Pods-Realm-example.debug.xcconfig */;
			buildSettings = {
				ALWAYS_EMBED_SWIFT_STANDARD_LIBRARIES = YES;
				ASSETCATALOG_COMPILER_APPICON_NAME = AppIcon;
				DEVELOPMENT_TEAM = LQ8JCXM85J;
				INFOPLIST_FILE = "Realm-example/Info.plist";
				LD_RUNPATH_SEARCH_PATHS = "$(inherited) @executable_path/Frameworks";
				PRODUCT_BUNDLE_IDENTIFIER = "com.Rama-Milaneh.Realm-example";
				PRODUCT_NAME = "$(TARGET_NAME)";
				SWIFT_VERSION = 3.0;
			};
			name = Debug;
		};
		A280B2B91E48FACE000B32A0 /* Release */ = {
			isa = XCBuildConfiguration;
			baseConfigurationReference = 2DE778396A0AD605C6A1DECE /* Pods-Realm-example.release.xcconfig */;
			buildSettings = {
				ALWAYS_EMBED_SWIFT_STANDARD_LIBRARIES = YES;
				ASSETCATALOG_COMPILER_APPICON_NAME = AppIcon;
				DEVELOPMENT_TEAM = LQ8JCXM85J;
				INFOPLIST_FILE = "Realm-example/Info.plist";
				LD_RUNPATH_SEARCH_PATHS = "$(inherited) @executable_path/Frameworks";
				PRODUCT_BUNDLE_IDENTIFIER = "com.Rama-Milaneh.Realm-example";
				PRODUCT_NAME = "$(TARGET_NAME)";
				SWIFT_VERSION = 3.0;
			};
			name = Release;
		};
/* End XCBuildConfiguration section */

/* Begin XCConfigurationList section */
		A280B2A01E48FACE000B32A0 /* Build configuration list for PBXProject "Realm-example" */ = {
			isa = XCConfigurationList;
			buildConfigurations = (
				A280B2B51E48FACE000B32A0 /* Debug */,
				A280B2B61E48FACE000B32A0 /* Release */,
			);
			defaultConfigurationIsVisible = 0;
			defaultConfigurationName = Release;
		};
		A280B2B71E48FACE000B32A0 /* Build configuration list for PBXNativeTarget "Realm-example" */ = {
			isa = XCConfigurationList;
			buildConfigurations = (
				A280B2B81E48FACE000B32A0 /* Debug */,
				A280B2B91E48FACE000B32A0 /* Release */,
			);
			defaultConfigurationIsVisible = 0;
			defaultConfigurationName = Release;
		};
/* End XCConfigurationList section */
	};
	rootObject = A280B29D1E48FACE000B32A0 /* Project object */;
}
